// !$*UTF8*$!
{
	archiveVersion = 1;
	classes = {
	};
	objectVersion = 46;
	objects = {

/* Begin PBXBuildFile section */
		BB381F8E140776ED00083854 /* UIKit.framework in Frameworks */ = {isa = PBXBuildFile; fileRef = BB381F8D140776ED00083854 /* UIKit.framework */; };
		BB381F90140776ED00083854 /* Foundation.framework in Frameworks */ = {isa = PBXBuildFile; fileRef = BB381F8F140776ED00083854 /* Foundation.framework */; };
		BB381F92140776ED00083854 /* CoreGraphics.framework in Frameworks */ = {isa = PBXBuildFile; fileRef = BB381F91140776ED00083854 /* CoreGraphics.framework */; };
		BB381F98140776ED00083854 /* InfoPlist.strings in Resources */ = {isa = PBXBuildFile; fileRef = BB381F96140776ED00083854 /* InfoPlist.strings */; };
		BB381F9B140776ED00083854 /* main.m in Sources */ = {isa = PBXBuildFile; fileRef = BB381F9A140776ED00083854 /* main.m */; };
		BB381F9E140776ED00083854 /* testLogAppDelegate.m in Sources */ = {isa = PBXBuildFile; fileRef = BB381F9D140776ED00083854 /* testLogAppDelegate.m */; };
		BB381FA1140776ED00083854 /* MainWindow.xib in Resources */ = {isa = PBXBuildFile; fileRef = BB381F9F140776ED00083854 /* MainWindow.xib */; };
		BB381FA4140776ED00083854 /* testLogViewController.m in Sources */ = {isa = PBXBuildFile; fileRef = BB381FA3140776ED00083854 /* testLogViewController.m */; };
		BB381FA7140776ED00083854 /* testLogViewController.xib in Resources */ = {isa = PBXBuildFile; fileRef = BB381FA5140776ED00083854 /* testLogViewController.xib */; };
/* End PBXBuildFile section */

/* Begin PBXFileReference section */
		BB381F89140776ED00083854 /* testLog.app */ = {isa = PBXFileReference; explicitFileType = wrapper.application; includeInIndex = 0; path = testLog.app; sourceTree = BUILT_PRODUCTS_DIR; };
		BB381F8D140776ED00083854 /* UIKit.framework */ = {isa = PBXFileReference; lastKnownFileType = wrapper.framework; name = UIKit.framework; path = System/Library/Frameworks/UIKit.framework; sourceTree = SDKROOT; };
		BB381F8F140776ED00083854 /* Foundation.framework */ = {isa = PBXFileReference; lastKnownFileType = wrapper.framework; name = Foundation.framework; path = System/Library/Frameworks/Foundation.framework; sourceTree = SDKROOT; };
		BB381F91140776ED00083854 /* CoreGraphics.framework */ = {isa = PBXFileReference; lastKnownFileType = wrapper.framework; name = CoreGraphics.framework; path = System/Library/Frameworks/CoreGraphics.framework; sourceTree = SDKROOT; };
		BB381F95140776ED00083854 /* testLog-Info.plist */ = {isa = PBXFileReference; lastKnownFileType = text.plist.xml; path = "testLog-Info.plist"; sourceTree = "<group>"; };
		BB381F97140776ED00083854 /* en */ = {isa = PBXFileReference; lastKnownFileType = text.plist.strings; name = en; path = en.lproj/InfoPlist.strings; sourceTree = "<group>"; };
		BB381F99140776ED00083854 /* testLog-Prefix.pch */ = {isa = PBXFileReference; lastKnownFileType = sourcecode.c.h; path = "testLog-Prefix.pch"; sourceTree = "<group>"; };
		BB381F9A140776ED00083854 /* main.m */ = {isa = PBXFileReference; lastKnownFileType = sourcecode.c.objc; path = main.m; sourceTree = "<group>"; };
		BB381F9C140776ED00083854 /* testLogAppDelegate.h */ = {isa = PBXFileReference; lastKnownFileType = sourcecode.c.h; path = testLogAppDelegate.h; sourceTree = "<group>"; };
		BB381F9D140776ED00083854 /* testLogAppDelegate.m */ = {isa = PBXFileReference; lastKnownFileType = sourcecode.c.objc; path = testLogAppDelegate.m; sourceTree = "<group>"; };
		BB381FA0140776ED00083854 /* en */ = {isa = PBXFileReference; lastKnownFileType = file.xib; name = en; path = en.lproj/MainWindow.xib; sourceTree = "<group>"; };
		BB381FA2140776ED00083854 /* testLogViewController.h */ = {isa = PBXFileReference; lastKnownFileType = sourcecode.c.h; path = testLogViewController.h; sourceTree = "<group>"; };
		BB381FA3140776ED00083854 /* testLogViewController.m */ = {isa = PBXFileReference; lastKnownFileType = sourcecode.c.objc; path = testLogViewController.m; sourceTree = "<group>"; };
		BB381FA6140776ED00083854 /* en */ = {isa = PBXFileReference; lastKnownFileType = file.xib; name = en; path = en.lproj/testLogViewController.xib; sourceTree = "<group>"; };
/* End PBXFileReference section */

/* Begin PBXFrameworksBuildPhase section */
		BB381F86140776ED00083854 /* Frameworks */ = {
			isa = PBXFrameworksBuildPhase;
			buildActionMask = 2147483647;
			files = (
				BB381F8E140776ED00083854 /* UIKit.framework in Frameworks */,
				BB381F90140776ED00083854 /* Foundation.framework in Frameworks */,
				BB381F92140776ED00083854 /* CoreGraphics.framework in Frameworks */,
			);
			runOnlyForDeploymentPostprocessing = 0;
		};
/* End PBXFrameworksBuildPhase section */

/* Begin PBXGroup section */
		BB381F7E140776ED00083854 = {
			isa = PBXGroup;
			children = (
				BB381F93140776ED00083854 /* testLog */,
				BB381F8C140776ED00083854 /* Frameworks */,
				BB381F8A140776ED00083854 /* Products */,
			);
			sourceTree = "<group>";
		};
		BB381F8A140776ED00083854 /* Products */ = {
			isa = PBXGroup;
			children = (
				BB381F89140776ED00083854 /* testLog.app */,
			);
			name = Products;
			sourceTree = "<group>";
		};
		BB381F8C140776ED00083854 /* Frameworks */ = {
			isa = PBXGroup;
			children = (
				BB381F8D140776ED00083854 /* UIKit.framework */,
				BB381F8F140776ED00083854 /* Foundation.framework */,
				BB381F91140776ED00083854 /* CoreGraphics.framework */,
			);
			name = Frameworks;
			sourceTree = "<group>";
		};
		BB381F93140776ED00083854 /* testLog */ = {
			isa = PBXGroup;
			children = (
				BB381F9C140776ED00083854 /* testLogAppDelegate.h */,
				BB381F9D140776ED00083854 /* testLogAppDelegate.m */,
				BB381F9F140776ED00083854 /* MainWindow.xib */,
				BB381FA2140776ED00083854 /* testLogViewController.h */,
				BB381FA3140776ED00083854 /* testLogViewController.m */,
				BB381FA5140776ED00083854 /* testLogViewController.xib */,
				BB381F94140776ED00083854 /* Supporting Files */,
			);
			path = testLog;
			sourceTree = "<group>";
		};
		BB381F94140776ED00083854 /* Supporting Files */ = {
			isa = PBXGroup;
			children = (
				BB381F95140776ED00083854 /* testLog-Info.plist */,
				BB381F96140776ED00083854 /* InfoPlist.strings */,
				BB381F99140776ED00083854 /* testLog-Prefix.pch */,
				BB381F9A140776ED00083854 /* main.m */,
			);
			name = "Supporting Files";
			sourceTree = "<group>";
		};
/* End PBXGroup section */

/* Begin PBXNativeTarget section */
		BB381F88140776ED00083854 /* testLog */ = {
			isa = PBXNativeTarget;
			buildConfigurationList = BB381FAA140776ED00083854 /* Build configuration list for PBXNativeTarget "testLog" */;
			buildPhases = (
				BB381F85140776ED00083854 /* Sources */,
				BB381F86140776ED00083854 /* Frameworks */,
				BB381F87140776ED00083854 /* Resources */,
			);
			buildRules = (
			);
			dependencies = (
			);
			name = testLog;
			productName = testLog;
			productReference = BB381F89140776ED00083854 /* testLog.app */;
			productType = "com.apple.product-type.application";
		};
/* End PBXNativeTarget section */

/* Begin PBXProject section */
		BB381F80140776ED00083854 /* Project object */ = {
			isa = PBXProject;
			attributes = {
				ORGANIZATIONNAME = "diaspark India";
			};
			buildConfigurationList = BB381F83140776ED00083854 /* Build configuration list for PBXProject "testLog" */;
			compatibilityVersion = "Xcode 3.2";
			developmentRegion = English;
			hasScannedForEncodings = 0;
			knownRegions = (
				en,
			);
			mainGroup = BB381F7E140776ED00083854;
			productRefGroup = BB381F8A140776ED00083854 /* Products */;
			projectDirPath = "";
			projectRoot = "";
			targets = (
				BB381F88140776ED00083854 /* testLog */,
			);
		};
/* End PBXProject section */

/* Begin PBXResourcesBuildPhase section */
		BB381F87140776ED00083854 /* Resources */ = {
			isa = PBXResourcesBuildPhase;
			buildActionMask = 2147483647;
			files = (
				BB381F98140776ED00083854 /* InfoPlist.strings in Resources */,
				BB381FA1140776ED00083854 /* MainWindow.xib in Resources */,
				BB381FA7140776ED00083854 /* testLogViewController.xib in Resources */,
			);
			runOnlyForDeploymentPostprocessing = 0;
		};
/* End PBXResourcesBuildPhase section */

/* Begin PBXSourcesBuildPhase section */
		BB381F85140776ED00083854 /* Sources */ = {
			isa = PBXSourcesBuildPhase;
			buildActionMask = 2147483647;
			files = (
				BB381F9B140776ED00083854 /* main.m in Sources */,
				BB381F9E140776ED00083854 /* testLogAppDelegate.m in Sources */,
				BB381FA4140776ED00083854 /* testLogViewController.m in Sources */,
			);
			runOnlyForDeploymentPostprocessing = 0;
		};
/* End PBXSourcesBuildPhase section */

/* Begin PBXVariantGroup section */
		BB381F96140776ED00083854 /* InfoPlist.strings */ = {
			isa = PBXVariantGroup;
			children = (
				BB381F97140776ED00083854 /* en */,
			);
			name = InfoPlist.strings;
			sourceTree = "<group>";
		};
		BB381F9F140776ED00083854 /* MainWindow.xib */ = {
			isa = PBXVariantGroup;
			children = (
				BB381FA0140776ED00083854 /* en */,
			);
			name = MainWindow.xib;
			sourceTree = "<group>";
		};
		BB381FA5140776ED00083854 /* testLogViewController.xib */ = {
			isa = PBXVariantGroup;
			children = (
				BB381FA6140776ED00083854 /* en */,
			);
			name = testLogViewController.xib;
			sourceTree = "<group>";
		};
/* End PBXVariantGroup section */

/* Begin XCBuildConfiguration section */
		BB381FA8140776ED00083854 /* Debug */ = {
			isa = XCBuildConfiguration;
			buildSettings = {
				ARCHS = "$(ARCHS_STANDARD_32_BIT)";
				"CODE_SIGN_IDENTITY[sdk=iphoneos*]" = "iPhone Developer";
				GCC_C_LANGUAGE_STANDARD = gnu99;
				GCC_OPTIMIZATION_LEVEL = 0;
				GCC_PREPROCESSOR_DEFINITIONS = DEBUG;
				GCC_SYMBOLS_PRIVATE_EXTERN = NO;
				GCC_VERSION = com.apple.compilers.llvmgcc42;
				GCC_WARN_ABOUT_RETURN_TYPE = YES;
				GCC_WARN_UNUSED_VARIABLE = YES;
				IPHONEOS_DEPLOYMENT_TARGET = 4.3;
				SDKROOT = iphoneos;
			};
			name = Debug;
		};
		BB381FA9140776ED00083854 /* Release */ = {
			isa = XCBuildConfiguration;
			buildSettings = {
				ARCHS = "$(ARCHS_STANDARD_32_BIT)";
				"CODE_SIGN_IDENTITY[sdk=iphoneos*]" = "iPhone Developer";
				GCC_C_LANGUAGE_STANDARD = gnu99;
				GCC_VERSION = com.apple.compilers.llvmgcc42;
				GCC_WARN_ABOUT_RETURN_TYPE = YES;
				GCC_WARN_UNUSED_VARIABLE = YES;
				IPHONEOS_DEPLOYMENT_TARGET = 4.3;
				OTHER_CFLAGS = "-DNS_BLOCK_ASSERTIONS=1";
				SDKROOT = iphoneos;
			};
			name = Release;
		};
		BB381FAB140776ED00083854 /* Debug */ = {
			isa = XCBuildConfiguration;
			buildSettings = {
				ALWAYS_SEARCH_USER_PATHS = NO;
				COPY_PHASE_STRIP = NO;
				GCC_DYNAMIC_NO_PIC = NO;
				GCC_PRECOMPILE_PREFIX_HEADER = YES;
				GCC_PREFIX_HEADER = "testLog/testLog-Prefix.pch";
				INFOPLIST_FILE = "testLog/testLog-Info.plist";
				PRODUCT_NAME = "$(TARGET_NAME)";
				WRAPPER_EXTENSION = app;
			};
			name = Debug;
		};
		BB381FAC140776ED00083854 /* Release */ = {
			isa = XCBuildConfiguration;
			buildSettings = {
				ALWAYS_SEARCH_USER_PATHS = NO;
				COPY_PHASE_STRIP = YES;
				GCC_PRECOMPILE_PREFIX_HEADER = YES;
				GCC_PREFIX_HEADER = "testLog/testLog-Prefix.pch";
				INFOPLIST_FILE = "testLog/testLog-Info.plist";
				PRODUCT_NAME = "$(TARGET_NAME)";
				VALIDATE_PRODUCT = YES;
				WRAPPER_EXTENSION = app;
			};
			name = Release;
		};
/* End XCBuildConfiguration section */

/* Begin XCConfigurationList section */
		BB381F83140776ED00083854 /* Build configuration list for PBXProject "testLog" */ = {
			isa = XCConfigurationList;
			buildConfigurations = (
				BB381FA8140776ED00083854 /* Debug */,
				BB381FA9140776ED00083854 /* Release */,
			);
			defaultConfigurationIsVisible = 0;
			defaultConfigurationName = Release;
		};
		BB381FAA140776ED00083854 /* Build configuration list for PBXNativeTarget "testLog" */ = {
			isa = XCConfigurationList;
			buildConfigurations = (
				BB381FAB140776ED00083854 /* Debug */,
				BB381FAC140776ED00083854 /* Release */,
			);
			defaultConfigurationIsVisible = 0;
		};
/* End XCConfigurationList section */
	};
	rootObject = BB381F80140776ED00083854 /* Project object */;
}
